PODS:
  - ModelProtocol (0.0.1):
    - SwiftyJSON (~> 4.2.0)
  - SwiftyJSON (4.2.0)

DEPENDENCIES:
  - ModelProtocol (from `../`)

SPEC REPOS:
  https://github.com/cocoapods/specs.git:
    - SwiftyJSON

EXTERNAL SOURCES:
  ModelProtocol:
    :path: "../"

SPEC CHECKSUMS:
  ModelProtocol: 0e0d998fb0fefb935453d3026e3ee58e28046514
  SwiftyJSON: c4bcba26dd9ec7a027fc8eade48e2c911f229e96

PODFILE CHECKSUM: 76b3bcec552d8873e1bd875cdb195b2690278b97

COCOAPODS: 1.5.3
